// !$*UTF8*$!
{
	archiveVersion = 1;
	classes = {
	};
	objectVersion = 50;
	objects = {

/* Begin PBXBuildFile section */
		89A09B7C23A21E55007BD73D /* AppDelegate.swift in Sources */ = {isa = PBXBuildFile; fileRef = 89A09B7B23A21E55007BD73D /* AppDelegate.swift */; };
		89A09B8023A21E55007BD73D /* ViewController.swift in Sources */ = {isa = PBXBuildFile; fileRef = 89A09B7F23A21E55007BD73D /* ViewController.swift */; };
		89A09B8523A21E5A007BD73D /* Assets.xcassets in Resources */ = {isa = PBXBuildFile; fileRef = 89A09B8423A21E5A007BD73D /* Assets.xcassets */; };
		89A09B8823A21E5B007BD73D /* LaunchScreen.storyboard in Resources */ = {isa = PBXBuildFile; fileRef = 89A09B8623A21E5B007BD73D /* LaunchScreen.storyboard */; };
		89A09B9323A21E5B007BD73D /* WiproProficiencyExerciseTests.swift in Sources */ = {isa = PBXBuildFile; fileRef = 89A09B9223A21E5B007BD73D /* WiproProficiencyExerciseTests.swift */; };
		89B196D923A22DFD00EAC10B /* AppConstants.swift in Sources */ = {isa = PBXBuildFile; fileRef = 89B196D823A22DFD00EAC10B /* AppConstants.swift */; };
/* End PBXBuildFile section */

/* Begin PBXContainerItemProxy section */
		89A09B8F23A21E5B007BD73D /* PBXContainerItemProxy */ = {
			isa = PBXContainerItemProxy;
			containerPortal = 89A09B7023A21E55007BD73D /* Project object */;
			proxyType = 1;
			remoteGlobalIDString = 89A09B7723A21E55007BD73D;
			remoteInfo = WiproProficiencyExercise;
		};
/* End PBXContainerItemProxy section */

/* Begin PBXFileReference section */
		89A09B7823A21E55007BD73D /* WiproProficiencyExercise.app */ = {isa = PBXFileReference; explicitFileType = wrapper.application; includeInIndex = 0; path = WiproProficiencyExercise.app; sourceTree = BUILT_PRODUCTS_DIR; };
		89A09B7B23A21E55007BD73D /* AppDelegate.swift */ = {isa = PBXFileReference; lastKnownFileType = sourcecode.swift; path = AppDelegate.swift; sourceTree = "<group>"; };
		89A09B7F23A21E55007BD73D /* ViewController.swift */ = {isa = PBXFileReference; lastKnownFileType = sourcecode.swift; path = ViewController.swift; sourceTree = "<group>"; };
		89A09B8423A21E5A007BD73D /* Assets.xcassets */ = {isa = PBXFileReference; lastKnownFileType = folder.assetcatalog; path = Assets.xcassets; sourceTree = "<group>"; };
		89A09B8723A21E5B007BD73D /* Base */ = {isa = PBXFileReference; lastKnownFileType = file.storyboard; name = Base; path = Base.lproj/LaunchScreen.storyboard; sourceTree = "<group>"; };
		89A09B8923A21E5B007BD73D /* Info.plist */ = {isa = PBXFileReference; lastKnownFileType = text.plist.xml; path = Info.plist; sourceTree = "<group>"; };
		89A09B8E23A21E5B007BD73D /* WiproProficiencyExerciseTests.xctest */ = {isa = PBXFileReference; explicitFileType = wrapper.cfbundle; includeInIndex = 0; path = WiproProficiencyExerciseTests.xctest; sourceTree = BUILT_PRODUCTS_DIR; };
		89A09B9223A21E5B007BD73D /* WiproProficiencyExerciseTests.swift */ = {isa = PBXFileReference; lastKnownFileType = sourcecode.swift; path = WiproProficiencyExerciseTests.swift; sourceTree = "<group>"; };
		89A09B9423A21E5B007BD73D /* Info.plist */ = {isa = PBXFileReference; lastKnownFileType = text.plist.xml; path = Info.plist; sourceTree = "<group>"; };
		89B196D823A22DFD00EAC10B /* AppConstants.swift */ = {isa = PBXFileReference; lastKnownFileType = sourcecode.swift; path = AppConstants.swift; sourceTree = "<group>"; };
/* End PBXFileReference section */

/* Begin PBXFrameworksBuildPhase section */
		89A09B7523A21E55007BD73D /* Frameworks */ = {
			isa = PBXFrameworksBuildPhase;
			buildActionMask = 2147483647;
			files = (
			);
			runOnlyForDeploymentPostprocessing = 0;
		};
		89A09B8B23A21E5B007BD73D /* Frameworks */ = {
			isa = PBXFrameworksBuildPhase;
			buildActionMask = 2147483647;
			files = (
			);
			runOnlyForDeploymentPostprocessing = 0;
		};
/* End PBXFrameworksBuildPhase section */

/* Begin PBXGroup section */
		89A09B6F23A21E55007BD73D = {
			isa = PBXGroup;
			children = (
				89A09B7A23A21E55007BD73D /* WiproProficiencyExercise */,
				89A09B9123A21E5B007BD73D /* WiproProficiencyExerciseTests */,
				89A09B7923A21E55007BD73D /* Products */,
			);
			sourceTree = "<group>";
		};
		89A09B7923A21E55007BD73D /* Products */ = {
			isa = PBXGroup;
			children = (
				89A09B7823A21E55007BD73D /* WiproProficiencyExercise.app */,
				89A09B8E23A21E5B007BD73D /* WiproProficiencyExerciseTests.xctest */,
			);
			name = Products;
			sourceTree = "<group>";
		};
		89A09B7A23A21E55007BD73D /* WiproProficiencyExercise */ = {
			isa = PBXGroup;
			children = (
				89A09B7B23A21E55007BD73D /* AppDelegate.swift */,
				89B196D223A22ACA00EAC10B /* ViewControllers */,
				89B196D723A22BCB00EAC10B /* Cells */,
				89B196D523A22B5600EAC10B /* Model */,
				89B196D423A22B1F00EAC10B /* ViewModel */,
				89B196D323A22AEC00EAC10B /* Networking */,
				89B196D623A22B9B00EAC10B /* Helpers */,
				89A09B8423A21E5A007BD73D /* Assets.xcassets */,
				89A09B8623A21E5B007BD73D /* LaunchScreen.storyboard */,
				89A09B8923A21E5B007BD73D /* Info.plist */,
			);
			path = WiproProficiencyExercise;
			sourceTree = "<group>";
		};
		89A09B9123A21E5B007BD73D /* WiproProficiencyExerciseTests */ = {
			isa = PBXGroup;
			children = (
				89A09B9223A21E5B007BD73D /* WiproProficiencyExerciseTests.swift */,
				89A09B9423A21E5B007BD73D /* Info.plist */,
			);
			path = WiproProficiencyExerciseTests;
			sourceTree = "<group>";
		};
		89B196D223A22ACA00EAC10B /* ViewControllers */ = {
			isa = PBXGroup;
			children = (
				89A09B7F23A21E55007BD73D /* ViewController.swift */,
			);
			path = ViewControllers;
			sourceTree = "<group>";
		};
		89B196D323A22AEC00EAC10B /* Networking */ = {
			isa = PBXGroup;
			children = (
			);
			path = Networking;
			sourceTree = "<group>";
		};
		89B196D423A22B1F00EAC10B /* ViewModel */ = {
			isa = PBXGroup;
			children = (
			);
			path = ViewModel;
			sourceTree = "<group>";
		};
		89B196D523A22B5600EAC10B /* Model */ = {
			isa = PBXGroup;
			children = (
			);
			path = Model;
			sourceTree = "<group>";
		};
		89B196D623A22B9B00EAC10B /* Helpers */ = {
			isa = PBXGroup;
			children = (
				89B196D823A22DFD00EAC10B /* AppConstants.swift */,
			);
			path = Helpers;
			sourceTree = "<group>";
		};
		89B196D723A22BCB00EAC10B /* Cells */ = {
			isa = PBXGroup;
			children = (
			);
			path = Cells;
			sourceTree = "<group>";
		};
/* End PBXGroup section */

/* Begin PBXNativeTarget section */
		89A09B7723A21E55007BD73D /* WiproProficiencyExercise */ = {
			isa = PBXNativeTarget;
			buildConfigurationList = 89A09B9723A21E5B007BD73D /* Build configuration list for PBXNativeTarget "WiproProficiencyExercise" */;
			buildPhases = (
				89A09B7423A21E55007BD73D /* Sources */,
				89A09B7523A21E55007BD73D /* Frameworks */,
				89A09B7623A21E55007BD73D /* Resources */,
			);
			buildRules = (
			);
			dependencies = (
			);
			name = WiproProficiencyExercise;
			productName = WiproProficiencyExercise;
			productReference = 89A09B7823A21E55007BD73D /* WiproProficiencyExercise.app */;
			productType = "com.apple.product-type.application";
		};
		89A09B8D23A21E5B007BD73D /* WiproProficiencyExerciseTests */ = {
			isa = PBXNativeTarget;
			buildConfigurationList = 89A09B9A23A21E5B007BD73D /* Build configuration list for PBXNativeTarget "WiproProficiencyExerciseTests" */;
			buildPhases = (
				89A09B8A23A21E5B007BD73D /* Sources */,
				89A09B8B23A21E5B007BD73D /* Frameworks */,
				89A09B8C23A21E5B007BD73D /* Resources */,
			);
			buildRules = (
			);
			dependencies = (
				89A09B9023A21E5B007BD73D /* PBXTargetDependency */,
			);
			name = WiproProficiencyExerciseTests;
			productName = WiproProficiencyExerciseTests;
			productReference = 89A09B8E23A21E5B007BD73D /* WiproProficiencyExerciseTests.xctest */;
			productType = "com.apple.product-type.bundle.unit-test";
		};
/* End PBXNativeTarget section */

/* Begin PBXProject section */
		89A09B7023A21E55007BD73D /* Project object */ = {
			isa = PBXProject;
			attributes = {
				LastSwiftUpdateCheck = 1120;
				LastUpgradeCheck = 1120;
				ORGANIZATIONNAME = CompIndia;
				TargetAttributes = {
					89A09B7723A21E55007BD73D = {
						CreatedOnToolsVersion = 11.2.1;
					};
					89A09B8D23A21E5B007BD73D = {
						CreatedOnToolsVersion = 11.2.1;
						TestTargetID = 89A09B7723A21E55007BD73D;
					};
				};
			};
			buildConfigurationList = 89A09B7323A21E55007BD73D /* Build configuration list for PBXProject "WiproProficiencyExercise" */;
			compatibilityVersion = "Xcode 9.3";
			developmentRegion = en;
			hasScannedForEncodings = 0;
			knownRegions = (
				en,
				Base,
			);
			mainGroup = 89A09B6F23A21E55007BD73D;
			productRefGroup = 89A09B7923A21E55007BD73D /* Products */;
			projectDirPath = "";
			projectRoot = "";
			targets = (
				89A09B7723A21E55007BD73D /* WiproProficiencyExercise */,
				89A09B8D23A21E5B007BD73D /* WiproProficiencyExerciseTests */,
			);
		};
/* End PBXProject section */

/* Begin PBXResourcesBuildPhase section */
		89A09B7623A21E55007BD73D /* Resources */ = {
			isa = PBXResourcesBuildPhase;
			buildActionMask = 2147483647;
			files = (
				89A09B8823A21E5B007BD73D /* LaunchScreen.storyboard in Resources */,
				89A09B8523A21E5A007BD73D /* Assets.xcassets in Resources */,
			);
			runOnlyForDeploymentPostprocessing = 0;
		};
		89A09B8C23A21E5B007BD73D /* Resources */ = {
			isa = PBXResourcesBuildPhase;
			buildActionMask = 2147483647;
			files = (
			);
			runOnlyForDeploymentPostprocessing = 0;
		};
/* End PBXResourcesBuildPhase section */

/* Begin PBXSourcesBuildPhase section */
		89A09B7423A21E55007BD73D /* Sources */ = {
			isa = PBXSourcesBuildPhase;
			buildActionMask = 2147483647;
			files = (
				89A09B8023A21E55007BD73D /* ViewController.swift in Sources */,
				89B196D923A22DFD00EAC10B /* AppConstants.swift in Sources */,
				89A09B7C23A21E55007BD73D /* AppDelegate.swift in Sources */,
			);
			runOnlyForDeploymentPostprocessing = 0;
		};
		89A09B8A23A21E5B007BD73D /* Sources */ = {
			isa = PBXSourcesBuildPhase;
			buildActionMask = 2147483647;
			files = (
				89A09B9323A21E5B007BD73D /* WiproProficiencyExerciseTests.swift in Sources */,
			);
			runOnlyForDeploymentPostprocessing = 0;
		};
/* End PBXSourcesBuildPhase section */

/* Begin PBXTargetDependency section */
		89A09B9023A21E5B007BD73D /* PBXTargetDependency */ = {
			isa = PBXTargetDependency;
			target = 89A09B7723A21E55007BD73D /* WiproProficiencyExercise */;
			targetProxy = 89A09B8F23A21E5B007BD73D /* PBXContainerItemProxy */;
		};
/* End PBXTargetDependency section */

/* Begin PBXVariantGroup section */
		89A09B8623A21E5B007BD73D /* LaunchScreen.storyboard */ = {
			isa = PBXVariantGroup;
			children = (
				89A09B8723A21E5B007BD73D /* Base */,
			);
			name = LaunchScreen.storyboard;
			sourceTree = "<group>";
		};
/* End PBXVariantGroup section */

/* Begin XCBuildConfiguration section */
		89A09B9523A21E5B007BD73D /* Debug */ = {
			isa = XCBuildConfiguration;
			buildSettings = {
				ALWAYS_SEARCH_USER_PATHS = NO;
				CLANG_ANALYZER_NONNULL = YES;
				CLANG_ANALYZER_NUMBER_OBJECT_CONVERSION = YES_AGGRESSIVE;
				CLANG_CXX_LANGUAGE_STANDARD = "gnu++14";
				CLANG_CXX_LIBRARY = "libc++";
				CLANG_ENABLE_MODULES = YES;
				CLANG_ENABLE_OBJC_ARC = YES;
				CLANG_ENABLE_OBJC_WEAK = YES;
				CLANG_WARN_BLOCK_CAPTURE_AUTORELEASING = YES;
				CLANG_WARN_BOOL_CONVERSION = YES;
				CLANG_WARN_COMMA = YES;
				CLANG_WARN_CONSTANT_CONVERSION = YES;
				CLANG_WARN_DEPRECATED_OBJC_IMPLEMENTATIONS = YES;
				CLANG_WARN_DIRECT_OBJC_ISA_USAGE = YES_ERROR;
				CLANG_WARN_DOCUMENTATION_COMMENTS = YES;
				CLANG_WARN_EMPTY_BODY = YES;
				CLANG_WARN_ENUM_CONVERSION = YES;
				CLANG_WARN_INFINITE_RECURSION = YES;
				CLANG_WARN_INT_CONVERSION = YES;
				CLANG_WARN_NON_LITERAL_NULL_CONVERSION = YES;
				CLANG_WARN_OBJC_IMPLICIT_RETAIN_SELF = YES;
				CLANG_WARN_OBJC_LITERAL_CONVERSION = YES;
				CLANG_WARN_OBJC_ROOT_CLASS = YES_ERROR;
				CLANG_WARN_RANGE_LOOP_ANALYSIS = YES;
				CLANG_WARN_STRICT_PROTOTYPES = YES;
				CLANG_WARN_SUSPICIOUS_MOVE = YES;
				CLANG_WARN_UNGUARDED_AVAILABILITY = YES_AGGRESSIVE;
				CLANG_WARN_UNREACHABLE_CODE = YES;
				CLANG_WARN__DUPLICATE_METHOD_MATCH = YES;
				COPY_PHASE_STRIP = NO;
				DEBUG_INFORMATION_FORMAT = dwarf;
				ENABLE_STRICT_OBJC_MSGSEND = YES;
				ENABLE_TESTABILITY = YES;
				GCC_C_LANGUAGE_STANDARD = gnu11;
				GCC_DYNAMIC_NO_PIC = NO;
				GCC_NO_COMMON_BLOCKS = YES;
				GCC_OPTIMIZATION_LEVEL = 0;
				GCC_PREPROCESSOR_DEFINITIONS = (
					"DEBUG=1",
					"$(inherited)",
				);
				GCC_WARN_64_TO_32_BIT_CONVERSION = YES;
				GCC_WARN_ABOUT_RETURN_TYPE = YES_ERROR;
				GCC_WARN_UNDECLARED_SELECTOR = YES;
				GCC_WARN_UNINITIALIZED_AUTOS = YES_AGGRESSIVE;
				GCC_WARN_UNUSED_FUNCTION = YES;
				GCC_WARN_UNUSED_VARIABLE = YES;
				IPHONEOS_DEPLOYMENT_TARGET = 13.2;
				MTL_ENABLE_DEBUG_INFO = INCLUDE_SOURCE;
				MTL_FAST_MATH = YES;
				ONLY_ACTIVE_ARCH = YES;
				SDKROOT = iphoneos;
				SWIFT_ACTIVE_COMPILATION_CONDITIONS = DEBUG;
				SWIFT_OPTIMIZATION_LEVEL = "-Onone";
			};
			name = Debug;
		};
		89A09B9623A21E5B007BD73D /* Release */ = {
			isa = XCBuildConfiguration;
			buildSettings = {
				ALWAYS_SEARCH_USER_PATHS = NO;
				CLANG_ANALYZER_NONNULL = YES;
				CLANG_ANALYZER_NUMBER_OBJECT_CONVERSION = YES_AGGRESSIVE;
				CLANG_CXX_LANGUAGE_STANDARD = "gnu++14";
				CLANG_CXX_LIBRARY = "libc++";
				CLANG_ENABLE_MODULES = YES;
				CLANG_ENABLE_OBJC_ARC = YES;
				CLANG_ENABLE_OBJC_WEAK = YES;
				CLANG_WARN_BLOCK_CAPTURE_AUTORELEASING = YES;
				CLANG_WARN_BOOL_CONVERSION = YES;
				CLANG_WARN_COMMA = YES;
				CLANG_WARN_CONSTANT_CONVERSION = YES;
				CLANG_WARN_DEPRECATED_OBJC_IMPLEMENTATIONS = YES;
				CLANG_WARN_DIRECT_OBJC_ISA_USAGE = YES_ERROR;
				CLANG_WARN_DOCUMENTATION_COMMENTS = YES;
				CLANG_WARN_EMPTY_BODY = YES;
				CLANG_WARN_ENUM_CONVERSION = YES;
				CLANG_WARN_INFINITE_RECURSION = YES;
				CLANG_WARN_INT_CONVERSION = YES;
				CLANG_WARN_NON_LITERAL_NULL_CONVERSION = YES;
				CLANG_WARN_OBJC_IMPLICIT_RETAIN_SELF = YES;
				CLANG_WARN_OBJC_LITERAL_CONVERSION = YES;
				CLANG_WARN_OBJC_ROOT_CLASS = YES_ERROR;
				CLANG_WARN_RANGE_LOOP_ANALYSIS = YES;
				CLANG_WARN_STRICT_PROTOTYPES = YES;
				CLANG_WARN_SUSPICIOUS_MOVE = YES;
				CLANG_WARN_UNGUARDED_AVAILABILITY = YES_AGGRESSIVE;
				CLANG_WARN_UNREACHABLE_CODE = YES;
				CLANG_WARN__DUPLICATE_METHOD_MATCH = YES;
				COPY_PHASE_STRIP = NO;
				DEBUG_INFORMATION_FORMAT = "dwarf-with-dsym";
				ENABLE_NS_ASSERTIONS = NO;
				ENABLE_STRICT_OBJC_MSGSEND = YES;
				GCC_C_LANGUAGE_STANDARD = gnu11;
				GCC_NO_COMMON_BLOCKS = YES;
				GCC_WARN_64_TO_32_BIT_CONVERSION = YES;
				GCC_WARN_ABOUT_RETURN_TYPE = YES_ERROR;
				GCC_WARN_UNDECLARED_SELECTOR = YES;
				GCC_WARN_UNINITIALIZED_AUTOS = YES_AGGRESSIVE;
				GCC_WARN_UNUSED_FUNCTION = YES;
				GCC_WARN_UNUSED_VARIABLE = YES;
				IPHONEOS_DEPLOYMENT_TARGET = 13.2;
				MTL_ENABLE_DEBUG_INFO = NO;
				MTL_FAST_MATH = YES;
				SDKROOT = iphoneos;
				SWIFT_COMPILATION_MODE = wholemodule;
				SWIFT_OPTIMIZATION_LEVEL = "-O";
				VALIDATE_PRODUCT = YES;
			};
			name = Release;
		};
		89A09B9823A21E5B007BD73D /* Debug */ = {
			isa = XCBuildConfiguration;
			buildSettings = {
				ASSETCATALOG_COMPILER_APPICON_NAME = AppIcon;
				CODE_SIGN_STYLE = Automatic;
				DEVELOPMENT_TEAM = C568LW99BK;
				INFOPLIST_FILE = WiproProficiencyExercise/Info.plist;
				IPHONEOS_DEPLOYMENT_TARGET = 11.0;
				LD_RUNPATH_SEARCH_PATHS = (
					"$(inherited)",
					"@executable_path/Frameworks",
				);
				PRODUCT_BUNDLE_IDENTIFIER = app.development.practice.WiproProficiencyExercise;
				PRODUCT_NAME = "$(TARGET_NAME)";
				SWIFT_VERSION = 5.0;
				TARGETED_DEVICE_FAMILY = "1,2";
			};
			name = Debug;
		};
		89A09B9923A21E5B007BD73D /* Release */ = {
			isa = XCBuildConfiguration;
			buildSettings = {
				ASSETCATALOG_COMPILER_APPICON_NAME = AppIcon;
				CODE_SIGN_STYLE = Automatic;
				DEVELOPMENT_TEAM = C568LW99BK;
				INFOPLIST_FILE = WiproProficiencyExercise/Info.plist;
				IPHONEOS_DEPLOYMENT_TARGET = 11.0;
				LD_RUNPATH_SEARCH_PATHS = (
					"$(inherited)",
					"@executable_path/Frameworks",
				);
				PRODUCT_BUNDLE_IDENTIFIER = app.development.practice.WiproProficiencyExercise;
				PRODUCT_NAME = "$(TARGET_NAME)";
				SWIFT_VERSION = 5.0;
				TARGETED_DEVICE_FAMILY = "1,2";
			};
			name = Release;
		};
		89A09B9B23A21E5B007BD73D /* Debug */ = {
			isa = XCBuildConfiguration;
			buildSettings = {
				ALWAYS_EMBED_SWIFT_STANDARD_LIBRARIES = YES;
				BUNDLE_LOADER = "$(TEST_HOST)";
				CODE_SIGN_STYLE = Automatic;
				DEVELOPMENT_TEAM = C568LW99BK;
				INFOPLIST_FILE = WiproProficiencyExerciseTests/Info.plist;
				IPHONEOS_DEPLOYMENT_TARGET = 13.2;
				LD_RUNPATH_SEARCH_PATHS = (
					"$(inherited)",
					"@executable_path/Frameworks",
					"@loader_path/Frameworks",
				);
				PRODUCT_BUNDLE_IDENTIFIER = app.development.practice.WiproProficiencyExerciseTests;
				PRODUCT_NAME = "$(TARGET_NAME)";
				SWIFT_VERSION = 5.0;
				TARGETED_DEVICE_FAMILY = "1,2";
				TEST_HOST = "$(BUILT_PRODUCTS_DIR)/WiproProficiencyExercise.app/WiproProficiencyExercise";
			};
			name = Debug;
		};
		89A09B9C23A21E5B007BD73D /* Release */ = {
			isa = XCBuildConfiguration;
			buildSettings = {
				ALWAYS_EMBED_SWIFT_STANDARD_LIBRARIES = YES;
				BUNDLE_LOADER = "$(TEST_HOST)";
				CODE_SIGN_STYLE = Automatic;
				DEVELOPMENT_TEAM = C568LW99BK;
				INFOPLIST_FILE = WiproProficiencyExerciseTests/Info.plist;
				IPHONEOS_DEPLOYMENT_TARGET = 13.2;
				LD_RUNPATH_SEARCH_PATHS = (
					"$(inherited)",
					"@executable_path/Frameworks",
					"@loader_path/Frameworks",
				);
				PRODUCT_BUNDLE_IDENTIFIER = app.development.practice.WiproProficiencyExerciseTests;
				PRODUCT_NAME = "$(TARGET_NAME)";
				SWIFT_VERSION = 5.0;
				TARGETED_DEVICE_FAMILY = "1,2";
				TEST_HOST = "$(BUILT_PRODUCTS_DIR)/WiproProficiencyExercise.app/WiproProficiencyExercise";
			};
			name = Release;
		};
/* End XCBuildConfiguration section */

/* Begin XCConfigurationList section */
		89A09B7323A21E55007BD73D /* Build configuration list for PBXProject "WiproProficiencyExercise" */ = {
			isa = XCConfigurationList;
			buildConfigurations = (
				89A09B9523A21E5B007BD73D /* Debug */,
				89A09B9623A21E5B007BD73D /* Release */,
			);
			defaultConfigurationIsVisible = 0;
			defaultConfigurationName = Release;
		};
		89A09B9723A21E5B007BD73D /* Build configuration list for PBXNativeTarget "WiproProficiencyExercise" */ = {
			isa = XCConfigurationList;
			buildConfigurations = (
				89A09B9823A21E5B007BD73D /* Debug */,
				89A09B9923A21E5B007BD73D /* Release */,
			);
			defaultConfigurationIsVisible = 0;
			defaultConfigurationName = Release;
		};
		89A09B9A23A21E5B007BD73D /* Build configuration list for PBXNativeTarget "WiproProficiencyExerciseTests" */ = {
			isa = XCConfigurationList;
			buildConfigurations = (
				89A09B9B23A21E5B007BD73D /* Debug */,
				89A09B9C23A21E5B007BD73D /* Release */,
			);
			defaultConfigurationIsVisible = 0;
			defaultConfigurationName = Release;
		};
/* End XCConfigurationList section */
	};
	rootObject = 89A09B7023A21E55007BD73D /* Project object */;
}
